// !$*UTF8*$!
{
	archiveVersion = 1;
	classes = {
	};
	objectVersion = 55;
	objects = {

/* Begin PBXBuildFile section */
		04936E56FD76CC168925EE15 /* Pods_Sporty_SportyUITests.framework in Frameworks */ = {isa = PBXBuildFile; fileRef = 520D7A5BEF642166E827DB86 /* Pods_Sporty_SportyUITests.framework */; };
		17236F5E0B45633FDD5C4A20 /* Pods_Sporty.framework in Frameworks */ = {isa = PBXBuildFile; fileRef = 30D6FAED8758A20C671BC658 /* Pods_Sporty.framework */; };
		B0B97AF848571853CF22A526 /* Pods_SportyTests.framework in Frameworks */ = {isa = PBXBuildFile; fileRef = 117A750809A3D9DBBC8CEE3B /* Pods_SportyTests.framework */; };
		F7070B8D2A99355E005B29C7 /* .swiftlint.yml in Resources */ = {isa = PBXBuildFile; fileRef = F7070B8C2A99355E005B29C7 /* .swiftlint.yml */; };
		F719A6B02A9A018200DF08F6 /* Homescreen.storyboard in Resources */ = {isa = PBXBuildFile; fileRef = F719A6AF2A9A018200DF08F6 /* Homescreen.storyboard */; };
		F719A6B42A9A083A00DF08F6 /* Assets.xcassets in Resources */ = {isa = PBXBuildFile; fileRef = F7758F132A9919DB00DB23E6 /* Assets.xcassets */; };
		F760112E2A9A286E002644BE /* SportCellController.swift in Sources */ = {isa = PBXBuildFile; fileRef = F760112C2A9A286E002644BE /* SportCellController.swift */; };
		F760112F2A9A286E002644BE /* SportCell.xib in Resources */ = {isa = PBXBuildFile; fileRef = F760112D2A9A286E002644BE /* SportCell.xib */; };
		F76011312A9A4F37002644BE /* SportCellViewModel.swift in Sources */ = {isa = PBXBuildFile; fileRef = F76011302A9A4F37002644BE /* SportCellViewModel.swift */; };
		F76011352A9A5A5E002644BE /* EventCellController.swift in Sources */ = {isa = PBXBuildFile; fileRef = F76011332A9A5A5E002644BE /* EventCellController.swift */; };
		F76011362A9A5A5E002644BE /* EventCell.xib in Resources */ = {isa = PBXBuildFile; fileRef = F76011342A9A5A5E002644BE /* EventCell.xib */; };
		F76011382A9A5ECB002644BE /* EventCellViewModel.swift in Sources */ = {isa = PBXBuildFile; fileRef = F76011372A9A5ECB002644BE /* EventCellViewModel.swift */; };
		F7758F0B2A9919DA00DB23E6 /* AppDelegate.swift in Sources */ = {isa = PBXBuildFile; fileRef = F7758F0A2A9919DA00DB23E6 /* AppDelegate.swift */; };
		F7758F0F2A9919DB00DB23E6 /* HomescreenController.swift in Sources */ = {isa = PBXBuildFile; fileRef = F7758F0E2A9919DB00DB23E6 /* HomescreenController.swift */; };
		F7758F172A9919DB00DB23E6 /* LaunchScreen.storyboard in Resources */ = {isa = PBXBuildFile; fileRef = F7758F152A9919DB00DB23E6 /* LaunchScreen.storyboard */; };
		F7758F222A9919DC00DB23E6 /* SportyTests.swift in Sources */ = {isa = PBXBuildFile; fileRef = F7758F212A9919DC00DB23E6 /* SportyTests.swift */; };
		F7758F2C2A9919DC00DB23E6 /* SportyUITests.swift in Sources */ = {isa = PBXBuildFile; fileRef = F7758F2B2A9919DC00DB23E6 /* SportyUITests.swift */; };
		F7758F2E2A9919DC00DB23E6 /* SportyUITestsLaunchTests.swift in Sources */ = {isa = PBXBuildFile; fileRef = F7758F2D2A9919DC00DB23E6 /* SportyUITestsLaunchTests.swift */; };
		F7DD4CBF2A99E20F00CBC0DA /* Service.swift in Sources */ = {isa = PBXBuildFile; fileRef = F7DD4CBE2A99E20F00CBC0DA /* Service.swift */; };
		F7DD4CC12A99E3D500CBC0DA /* ServiceProvider.swift in Sources */ = {isa = PBXBuildFile; fileRef = F7DD4CC02A99E3D500CBC0DA /* ServiceProvider.swift */; };
		F7DD4CC32A99E8B600CBC0DA /* SportyServices.swift in Sources */ = {isa = PBXBuildFile; fileRef = F7DD4CC22A99E8B600CBC0DA /* SportyServices.swift */; };
		F7DD4CC62A99E9D300CBC0DA /* HomescreenViewModel.swift in Sources */ = {isa = PBXBuildFile; fileRef = F7DD4CC52A99E9D300CBC0DA /* HomescreenViewModel.swift */; };
		F7DD4CD02A99ECAF00CBC0DA /* EventModel.swift in Sources */ = {isa = PBXBuildFile; fileRef = F7DD4CCF2A99ECAF00CBC0DA /* EventModel.swift */; };
		F7DD4CD22A99EF2400CBC0DA /* SportsModel.swift in Sources */ = {isa = PBXBuildFile; fileRef = F7DD4CD12A99EF2400CBC0DA /* SportsModel.swift */; };
/* End PBXBuildFile section */

/* Begin PBXContainerItemProxy section */
		F7758F1E2A9919DC00DB23E6 /* PBXContainerItemProxy */ = {
			isa = PBXContainerItemProxy;
			containerPortal = F7758EFF2A9919DA00DB23E6 /* Project object */;
			proxyType = 1;
			remoteGlobalIDString = F7758F062A9919DA00DB23E6;
			remoteInfo = Sporty;
		};
		F7758F282A9919DC00DB23E6 /* PBXContainerItemProxy */ = {
			isa = PBXContainerItemProxy;
			containerPortal = F7758EFF2A9919DA00DB23E6 /* Project object */;
			proxyType = 1;
			remoteGlobalIDString = F7758F062A9919DA00DB23E6;
			remoteInfo = Sporty;
		};
/* End PBXContainerItemProxy section */

/* Begin PBXFileReference section */
		117A750809A3D9DBBC8CEE3B /* Pods_SportyTests.framework */ = {isa = PBXFileReference; explicitFileType = wrapper.framework; includeInIndex = 0; path = Pods_SportyTests.framework; sourceTree = BUILT_PRODUCTS_DIR; };
		17436A09C4D8A46BB31C888F /* Pods-Sporty-SportyUITests.release.xcconfig */ = {isa = PBXFileReference; includeInIndex = 1; lastKnownFileType = text.xcconfig; name = "Pods-Sporty-SportyUITests.release.xcconfig"; path = "Target Support Files/Pods-Sporty-SportyUITests/Pods-Sporty-SportyUITests.release.xcconfig"; sourceTree = "<group>"; };
		28B4C1FD2EFB9D618B48D541 /* Pods-Sporty.release.xcconfig */ = {isa = PBXFileReference; includeInIndex = 1; lastKnownFileType = text.xcconfig; name = "Pods-Sporty.release.xcconfig"; path = "Target Support Files/Pods-Sporty/Pods-Sporty.release.xcconfig"; sourceTree = "<group>"; };
		2FFFD331A561F94EA831A526 /* Pods-Sporty.debug.xcconfig */ = {isa = PBXFileReference; includeInIndex = 1; lastKnownFileType = text.xcconfig; name = "Pods-Sporty.debug.xcconfig"; path = "Target Support Files/Pods-Sporty/Pods-Sporty.debug.xcconfig"; sourceTree = "<group>"; };
		30D6FAED8758A20C671BC658 /* Pods_Sporty.framework */ = {isa = PBXFileReference; explicitFileType = wrapper.framework; includeInIndex = 0; path = Pods_Sporty.framework; sourceTree = BUILT_PRODUCTS_DIR; };
		363E1886A8645F7C69CE5E80 /* Pods-SportyTests.debug.xcconfig */ = {isa = PBXFileReference; includeInIndex = 1; lastKnownFileType = text.xcconfig; name = "Pods-SportyTests.debug.xcconfig"; path = "Target Support Files/Pods-SportyTests/Pods-SportyTests.debug.xcconfig"; sourceTree = "<group>"; };
		520D7A5BEF642166E827DB86 /* Pods_Sporty_SportyUITests.framework */ = {isa = PBXFileReference; explicitFileType = wrapper.framework; includeInIndex = 0; path = Pods_Sporty_SportyUITests.framework; sourceTree = BUILT_PRODUCTS_DIR; };
		A013D7E47D09FFCA9FE245FA /* Pods-SportyTests.release.xcconfig */ = {isa = PBXFileReference; includeInIndex = 1; lastKnownFileType = text.xcconfig; name = "Pods-SportyTests.release.xcconfig"; path = "Target Support Files/Pods-SportyTests/Pods-SportyTests.release.xcconfig"; sourceTree = "<group>"; };
		A75986A908F924B526BE5312 /* Pods-Sporty-SportyUITests.debug.xcconfig */ = {isa = PBXFileReference; includeInIndex = 1; lastKnownFileType = text.xcconfig; name = "Pods-Sporty-SportyUITests.debug.xcconfig"; path = "Target Support Files/Pods-Sporty-SportyUITests/Pods-Sporty-SportyUITests.debug.xcconfig"; sourceTree = "<group>"; };
		F7070B8C2A99355E005B29C7 /* .swiftlint.yml */ = {isa = PBXFileReference; lastKnownFileType = text.yaml; path = .swiftlint.yml; sourceTree = "<group>"; };
		F719A6AF2A9A018200DF08F6 /* Homescreen.storyboard */ = {isa = PBXFileReference; lastKnownFileType = file.storyboard; path = Homescreen.storyboard; sourceTree = "<group>"; };
		F760112C2A9A286E002644BE /* SportCellController.swift */ = {isa = PBXFileReference; lastKnownFileType = sourcecode.swift; path = SportCellController.swift; sourceTree = "<group>"; };
		F760112D2A9A286E002644BE /* SportCell.xib */ = {isa = PBXFileReference; lastKnownFileType = file.xib; path = SportCell.xib; sourceTree = "<group>"; };
		F76011302A9A4F37002644BE /* SportCellViewModel.swift */ = {isa = PBXFileReference; lastKnownFileType = sourcecode.swift; path = SportCellViewModel.swift; sourceTree = "<group>"; };
		F76011332A9A5A5E002644BE /* EventCellController.swift */ = {isa = PBXFileReference; lastKnownFileType = sourcecode.swift; path = EventCellController.swift; sourceTree = "<group>"; };
		F76011342A9A5A5E002644BE /* EventCell.xib */ = {isa = PBXFileReference; lastKnownFileType = file.xib; path = EventCell.xib; sourceTree = "<group>"; };
		F76011372A9A5ECB002644BE /* EventCellViewModel.swift */ = {isa = PBXFileReference; lastKnownFileType = sourcecode.swift; path = EventCellViewModel.swift; sourceTree = "<group>"; };
		F7758F072A9919DA00DB23E6 /* Sporty.app */ = {isa = PBXFileReference; explicitFileType = wrapper.application; includeInIndex = 0; path = Sporty.app; sourceTree = BUILT_PRODUCTS_DIR; };
		F7758F0A2A9919DA00DB23E6 /* AppDelegate.swift */ = {isa = PBXFileReference; lastKnownFileType = sourcecode.swift; path = AppDelegate.swift; sourceTree = "<group>"; };
		F7758F0E2A9919DB00DB23E6 /* HomescreenController.swift */ = {isa = PBXFileReference; lastKnownFileType = sourcecode.swift; path = HomescreenController.swift; sourceTree = "<group>"; };
		F7758F132A9919DB00DB23E6 /* Assets.xcassets */ = {isa = PBXFileReference; lastKnownFileType = folder.assetcatalog; path = Assets.xcassets; sourceTree = "<group>"; };
		F7758F162A9919DB00DB23E6 /* Base */ = {isa = PBXFileReference; lastKnownFileType = file.storyboard; name = Base; path = Base.lproj/LaunchScreen.storyboard; sourceTree = "<group>"; };
		F7758F182A9919DB00DB23E6 /* Info.plist */ = {isa = PBXFileReference; lastKnownFileType = text.plist.xml; path = Info.plist; sourceTree = "<group>"; };
		F7758F1D2A9919DC00DB23E6 /* SportyTests.xctest */ = {isa = PBXFileReference; explicitFileType = wrapper.cfbundle; includeInIndex = 0; path = SportyTests.xctest; sourceTree = BUILT_PRODUCTS_DIR; };
		F7758F212A9919DC00DB23E6 /* SportyTests.swift */ = {isa = PBXFileReference; lastKnownFileType = sourcecode.swift; path = SportyTests.swift; sourceTree = "<group>"; };
		F7758F272A9919DC00DB23E6 /* SportyUITests.xctest */ = {isa = PBXFileReference; explicitFileType = wrapper.cfbundle; includeInIndex = 0; path = SportyUITests.xctest; sourceTree = BUILT_PRODUCTS_DIR; };
		F7758F2B2A9919DC00DB23E6 /* SportyUITests.swift */ = {isa = PBXFileReference; lastKnownFileType = sourcecode.swift; path = SportyUITests.swift; sourceTree = "<group>"; };
		F7758F2D2A9919DC00DB23E6 /* SportyUITestsLaunchTests.swift */ = {isa = PBXFileReference; lastKnownFileType = sourcecode.swift; path = SportyUITestsLaunchTests.swift; sourceTree = "<group>"; };
		F7DD4CBE2A99E20F00CBC0DA /* Service.swift */ = {isa = PBXFileReference; lastKnownFileType = sourcecode.swift; name = Service.swift; path = Sporty/Networking/Service.swift; sourceTree = SOURCE_ROOT; };
		F7DD4CC02A99E3D500CBC0DA /* ServiceProvider.swift */ = {isa = PBXFileReference; lastKnownFileType = sourcecode.swift; name = ServiceProvider.swift; path = Sporty/Networking/ServiceProvider.swift; sourceTree = SOURCE_ROOT; };
		F7DD4CC22A99E8B600CBC0DA /* SportyServices.swift */ = {isa = PBXFileReference; lastKnownFileType = sourcecode.swift; name = SportyServices.swift; path = Sporty/Networking/SportyServices.swift; sourceTree = SOURCE_ROOT; };
		F7DD4CC52A99E9D300CBC0DA /* HomescreenViewModel.swift */ = {isa = PBXFileReference; lastKnownFileType = sourcecode.swift; path = HomescreenViewModel.swift; sourceTree = "<group>"; };
		F7DD4CCF2A99ECAF00CBC0DA /* EventModel.swift */ = {isa = PBXFileReference; lastKnownFileType = sourcecode.swift; path = EventModel.swift; sourceTree = "<group>"; };
		F7DD4CD12A99EF2400CBC0DA /* SportsModel.swift */ = {isa = PBXFileReference; lastKnownFileType = sourcecode.swift; path = SportsModel.swift; sourceTree = "<group>"; };
/* End PBXFileReference section */

/* Begin PBXFrameworksBuildPhase section */
		F7758F042A9919DA00DB23E6 /* Frameworks */ = {
			isa = PBXFrameworksBuildPhase;
			buildActionMask = 2147483647;
			files = (
				17236F5E0B45633FDD5C4A20 /* Pods_Sporty.framework in Frameworks */,
			);
			runOnlyForDeploymentPostprocessing = 0;
		};
		F7758F1A2A9919DC00DB23E6 /* Frameworks */ = {
			isa = PBXFrameworksBuildPhase;
			buildActionMask = 2147483647;
			files = (
				B0B97AF848571853CF22A526 /* Pods_SportyTests.framework in Frameworks */,
			);
			runOnlyForDeploymentPostprocessing = 0;
		};
		F7758F242A9919DC00DB23E6 /* Frameworks */ = {
			isa = PBXFrameworksBuildPhase;
			buildActionMask = 2147483647;
			files = (
				04936E56FD76CC168925EE15 /* Pods_Sporty_SportyUITests.framework in Frameworks */,
			);
			runOnlyForDeploymentPostprocessing = 0;
		};
/* End PBXFrameworksBuildPhase section */

/* Begin PBXGroup section */
		5B111AA24F36B83E972C4483 /* Frameworks */ = {
			isa = PBXGroup;
			children = (
				30D6FAED8758A20C671BC658 /* Pods_Sporty.framework */,
				520D7A5BEF642166E827DB86 /* Pods_Sporty_SportyUITests.framework */,
				117A750809A3D9DBBC8CEE3B /* Pods_SportyTests.framework */,
			);
			name = Frameworks;
			sourceTree = "<group>";
		};
		ECA033EC8AB22B361A7B0849 /* Pods */ = {
			isa = PBXGroup;
			children = (
				2FFFD331A561F94EA831A526 /* Pods-Sporty.debug.xcconfig */,
				28B4C1FD2EFB9D618B48D541 /* Pods-Sporty.release.xcconfig */,
				A75986A908F924B526BE5312 /* Pods-Sporty-SportyUITests.debug.xcconfig */,
				17436A09C4D8A46BB31C888F /* Pods-Sporty-SportyUITests.release.xcconfig */,
				363E1886A8645F7C69CE5E80 /* Pods-SportyTests.debug.xcconfig */,
				A013D7E47D09FFCA9FE245FA /* Pods-SportyTests.release.xcconfig */,
			);
			path = Pods;
			sourceTree = "<group>";
		};
		F7070B8E2A9937E1005B29C7 /* Views */ = {
			isa = PBXGroup;
			children = (
				F76011322A9A5A36002644BE /* EventCell */,
				F760112B2A9A2842002644BE /* SportCell */,
				F76011252A9A18C8002644BE /* Homescreen */,
			);
			path = Views;
			sourceTree = "<group>";
		};
		F76011252A9A18C8002644BE /* Homescreen */ = {
			isa = PBXGroup;
			children = (
				F7758F0E2A9919DB00DB23E6 /* HomescreenController.swift */,
				F719A6AF2A9A018200DF08F6 /* Homescreen.storyboard */,
			);
			path = Homescreen;
			sourceTree = "<group>";
		};
		F760112B2A9A2842002644BE /* SportCell */ = {
			isa = PBXGroup;
			children = (
				F760112C2A9A286E002644BE /* SportCellController.swift */,
				F760112D2A9A286E002644BE /* SportCell.xib */,
			);
			path = SportCell;
			sourceTree = "<group>";
		};
		F76011322A9A5A36002644BE /* EventCell */ = {
			isa = PBXGroup;
			children = (
				F76011332A9A5A5E002644BE /* EventCellController.swift */,
				F76011342A9A5A5E002644BE /* EventCell.xib */,
			);
			path = EventCell;
			sourceTree = "<group>";
		};
		F7758EFE2A9919DA00DB23E6 = {
			isa = PBXGroup;
			children = (
				F7758F092A9919DA00DB23E6 /* Sporty */,
				F7758F202A9919DC00DB23E6 /* SportyTests */,
				F7758F2A2A9919DC00DB23E6 /* SportyUITests */,
				F7758F082A9919DA00DB23E6 /* Products */,
				ECA033EC8AB22B361A7B0849 /* Pods */,
				5B111AA24F36B83E972C4483 /* Frameworks */,
				F7070B8C2A99355E005B29C7 /* .swiftlint.yml */,
			);
			sourceTree = "<group>";
		};
		F7758F082A9919DA00DB23E6 /* Products */ = {
			isa = PBXGroup;
			children = (
				F7758F072A9919DA00DB23E6 /* Sporty.app */,
				F7758F1D2A9919DC00DB23E6 /* SportyTests.xctest */,
				F7758F272A9919DC00DB23E6 /* SportyUITests.xctest */,
			);
			name = Products;
			sourceTree = "<group>";
		};
		F7758F092A9919DA00DB23E6 /* Sporty */ = {
			isa = PBXGroup;
			children = (
				F7758F0A2A9919DA00DB23E6 /* AppDelegate.swift */,
				F7758F3A2A99228400DB23E6 /* Assets */,
				F7DD4CCE2A99EC9100CBC0DA /* Models */,
				F7DD4CCC2A99EBFB00CBC0DA /* Networking */,
				F7070B8E2A9937E1005B29C7 /* Views */,
				F7DD4CC42A99E98C00CBC0DA /* ViewModels */,
			);
			path = Sporty;
			sourceTree = "<group>";
		};
		F7758F202A9919DC00DB23E6 /* SportyTests */ = {
			isa = PBXGroup;
			children = (
				F7758F212A9919DC00DB23E6 /* SportyTests.swift */,
			);
			path = SportyTests;
			sourceTree = "<group>";
		};
		F7758F2A2A9919DC00DB23E6 /* SportyUITests */ = {
			isa = PBXGroup;
			children = (
				F7758F2B2A9919DC00DB23E6 /* SportyUITests.swift */,
				F7758F2D2A9919DC00DB23E6 /* SportyUITestsLaunchTests.swift */,
			);
			path = SportyUITests;
			sourceTree = "<group>";
		};
		F7758F3A2A99228400DB23E6 /* Assets */ = {
			isa = PBXGroup;
			children = (
				F7758F132A9919DB00DB23E6 /* Assets.xcassets */,
				F7758F182A9919DB00DB23E6 /* Info.plist */,
				F7758F152A9919DB00DB23E6 /* LaunchScreen.storyboard */,
			);
			path = Assets;
			sourceTree = "<group>";
		};
		F7DD4CC42A99E98C00CBC0DA /* ViewModels */ = {
			isa = PBXGroup;
			children = (
				F7DD4CC52A99E9D300CBC0DA /* HomescreenViewModel.swift */,
				F76011302A9A4F37002644BE /* SportCellViewModel.swift */,
				F76011372A9A5ECB002644BE /* EventCellViewModel.swift */,
			);
			path = ViewModels;
			sourceTree = "<group>";
		};
		F7DD4CCC2A99EBFB00CBC0DA /* Networking */ = {
			isa = PBXGroup;
			children = (
				F7DD4CC22A99E8B600CBC0DA /* SportyServices.swift */,
				F7DD4CC02A99E3D500CBC0DA /* ServiceProvider.swift */,
				F7DD4CBE2A99E20F00CBC0DA /* Service.swift */,
			);
			path = Networking;
			sourceTree = "<group>";
		};
		F7DD4CCE2A99EC9100CBC0DA /* Models */ = {
			isa = PBXGroup;
			children = (
				F7DD4CCF2A99ECAF00CBC0DA /* EventModel.swift */,
				F7DD4CD12A99EF2400CBC0DA /* SportsModel.swift */,
			);
			path = Models;
			sourceTree = "<group>";
		};
/* End PBXGroup section */

/* Begin PBXNativeTarget section */
		F7758F062A9919DA00DB23E6 /* Sporty */ = {
			isa = PBXNativeTarget;
			buildConfigurationList = F7758F312A9919DC00DB23E6 /* Build configuration list for PBXNativeTarget "Sporty" */;
			buildPhases = (
				261F541C678E2A1C1241D1C4 /* [CP] Check Pods Manifest.lock */,
				F7758F032A9919DA00DB23E6 /* Sources */,
				F7758F042A9919DA00DB23E6 /* Frameworks */,
				F7758F052A9919DA00DB23E6 /* Resources */,
				F7070B8B2A993418005B29C7 /* ShellScript */,
			);
			buildRules = (
			);
			dependencies = (
			);
			name = Sporty;
			productName = Sporty;
			productReference = F7758F072A9919DA00DB23E6 /* Sporty.app */;
			productType = "com.apple.product-type.application";
		};
		F7758F1C2A9919DC00DB23E6 /* SportyTests */ = {
			isa = PBXNativeTarget;
			buildConfigurationList = F7758F342A9919DC00DB23E6 /* Build configuration list for PBXNativeTarget "SportyTests" */;
			buildPhases = (
				28D1BA973F963DC6856A8DDC /* [CP] Check Pods Manifest.lock */,
				F7758F192A9919DC00DB23E6 /* Sources */,
				F7758F1A2A9919DC00DB23E6 /* Frameworks */,
				F7758F1B2A9919DC00DB23E6 /* Resources */,
			);
			buildRules = (
			);
			dependencies = (
				F7758F1F2A9919DC00DB23E6 /* PBXTargetDependency */,
			);
			name = SportyTests;
			productName = SportyTests;
			productReference = F7758F1D2A9919DC00DB23E6 /* SportyTests.xctest */;
			productType = "com.apple.product-type.bundle.unit-test";
		};
		F7758F262A9919DC00DB23E6 /* SportyUITests */ = {
			isa = PBXNativeTarget;
			buildConfigurationList = F7758F372A9919DC00DB23E6 /* Build configuration list for PBXNativeTarget "SportyUITests" */;
			buildPhases = (
				D6B83F0B013893E0682C6A3A /* [CP] Check Pods Manifest.lock */,
				F7758F232A9919DC00DB23E6 /* Sources */,
				F7758F242A9919DC00DB23E6 /* Frameworks */,
				F7758F252A9919DC00DB23E6 /* Resources */,
			);
			buildRules = (
			);
			dependencies = (
				F7758F292A9919DC00DB23E6 /* PBXTargetDependency */,
			);
			name = SportyUITests;
			productName = SportyUITests;
			productReference = F7758F272A9919DC00DB23E6 /* SportyUITests.xctest */;
			productType = "com.apple.product-type.bundle.ui-testing";
		};
/* End PBXNativeTarget section */

/* Begin PBXProject section */
		F7758EFF2A9919DA00DB23E6 /* Project object */ = {
			isa = PBXProject;
			attributes = {
				BuildIndependentTargetsInParallel = 1;
				LastSwiftUpdateCheck = 1430;
				LastUpgradeCheck = 1430;
				TargetAttributes = {
					F7758F062A9919DA00DB23E6 = {
						CreatedOnToolsVersion = 14.3;
					};
					F7758F1C2A9919DC00DB23E6 = {
						CreatedOnToolsVersion = 14.3;
						TestTargetID = F7758F062A9919DA00DB23E6;
					};
					F7758F262A9919DC00DB23E6 = {
						CreatedOnToolsVersion = 14.3;
						TestTargetID = F7758F062A9919DA00DB23E6;
					};
				};
			};
			buildConfigurationList = F7758F022A9919DA00DB23E6 /* Build configuration list for PBXProject "Sporty" */;
			compatibilityVersion = "Xcode 13.0";
			developmentRegion = en;
			hasScannedForEncodings = 0;
			knownRegions = (
				en,
				Base,
			);
			mainGroup = F7758EFE2A9919DA00DB23E6;
			productRefGroup = F7758F082A9919DA00DB23E6 /* Products */;
			projectDirPath = "";
			projectRoot = "";
			targets = (
				F7758F062A9919DA00DB23E6 /* Sporty */,
				F7758F1C2A9919DC00DB23E6 /* SportyTests */,
				F7758F262A9919DC00DB23E6 /* SportyUITests */,
			);
		};
/* End PBXProject section */

/* Begin PBXResourcesBuildPhase section */
		F7758F052A9919DA00DB23E6 /* Resources */ = {
			isa = PBXResourcesBuildPhase;
			buildActionMask = 2147483647;
			files = (
				F7070B8D2A99355E005B29C7 /* .swiftlint.yml in Resources */,
				F719A6B02A9A018200DF08F6 /* Homescreen.storyboard in Resources */,
				F719A6B42A9A083A00DF08F6 /* Assets.xcassets in Resources */,
				F7758F172A9919DB00DB23E6 /* LaunchScreen.storyboard in Resources */,
				F76011362A9A5A5E002644BE /* EventCell.xib in Resources */,
				F760112F2A9A286E002644BE /* SportCell.xib in Resources */,
			);
			runOnlyForDeploymentPostprocessing = 0;
		};
		F7758F1B2A9919DC00DB23E6 /* Resources */ = {
			isa = PBXResourcesBuildPhase;
			buildActionMask = 2147483647;
			files = (
			);
			runOnlyForDeploymentPostprocessing = 0;
		};
		F7758F252A9919DC00DB23E6 /* Resources */ = {
			isa = PBXResourcesBuildPhase;
			buildActionMask = 2147483647;
			files = (
			);
			runOnlyForDeploymentPostprocessing = 0;
		};
/* End PBXResourcesBuildPhase section */

/* Begin PBXShellScriptBuildPhase section */
		261F541C678E2A1C1241D1C4 /* [CP] Check Pods Manifest.lock */ = {
			isa = PBXShellScriptBuildPhase;
			buildActionMask = 2147483647;
			files = (
			);
			inputFileListPaths = (
			);
			inputPaths = (
				"${PODS_PODFILE_DIR_PATH}/Podfile.lock",
				"${PODS_ROOT}/Manifest.lock",
			);
			name = "[CP] Check Pods Manifest.lock";
			outputFileListPaths = (
			);
			outputPaths = (
				"$(DERIVED_FILE_DIR)/Pods-Sporty-checkManifestLockResult.txt",
			);
			runOnlyForDeploymentPostprocessing = 0;
			shellPath = /bin/sh;
			shellScript = "diff \"${PODS_PODFILE_DIR_PATH}/Podfile.lock\" \"${PODS_ROOT}/Manifest.lock\" > /dev/null\nif [ $? != 0 ] ; then\n    # print error to STDERR\n    echo \"error: The sandbox is not in sync with the Podfile.lock. Run 'pod install' or update your CocoaPods installation.\" >&2\n    exit 1\nfi\n# This output is used by Xcode 'outputs' to avoid re-running this script phase.\necho \"SUCCESS\" > \"${SCRIPT_OUTPUT_FILE_0}\"\n";
			showEnvVarsInLog = 0;
		};
		28D1BA973F963DC6856A8DDC /* [CP] Check Pods Manifest.lock */ = {
			isa = PBXShellScriptBuildPhase;
			buildActionMask = 2147483647;
			files = (
			);
			inputFileListPaths = (
			);
			inputPaths = (
				"${PODS_PODFILE_DIR_PATH}/Podfile.lock",
				"${PODS_ROOT}/Manifest.lock",
			);
			name = "[CP] Check Pods Manifest.lock";
			outputFileListPaths = (
			);
			outputPaths = (
				"$(DERIVED_FILE_DIR)/Pods-SportyTests-checkManifestLockResult.txt",
			);
			runOnlyForDeploymentPostprocessing = 0;
			shellPath = /bin/sh;
			shellScript = "diff \"${PODS_PODFILE_DIR_PATH}/Podfile.lock\" \"${PODS_ROOT}/Manifest.lock\" > /dev/null\nif [ $? != 0 ] ; then\n    # print error to STDERR\n    echo \"error: The sandbox is not in sync with the Podfile.lock. Run 'pod install' or update your CocoaPods installation.\" >&2\n    exit 1\nfi\n# This output is used by Xcode 'outputs' to avoid re-running this script phase.\necho \"SUCCESS\" > \"${SCRIPT_OUTPUT_FILE_0}\"\n";
			showEnvVarsInLog = 0;
		};
		D6B83F0B013893E0682C6A3A /* [CP] Check Pods Manifest.lock */ = {
			isa = PBXShellScriptBuildPhase;
			buildActionMask = 2147483647;
			files = (
			);
			inputFileListPaths = (
			);
			inputPaths = (
				"${PODS_PODFILE_DIR_PATH}/Podfile.lock",
				"${PODS_ROOT}/Manifest.lock",
			);
			name = "[CP] Check Pods Manifest.lock";
			outputFileListPaths = (
			);
			outputPaths = (
				"$(DERIVED_FILE_DIR)/Pods-Sporty-SportyUITests-checkManifestLockResult.txt",
			);
			runOnlyForDeploymentPostprocessing = 0;
			shellPath = /bin/sh;
			shellScript = "diff \"${PODS_PODFILE_DIR_PATH}/Podfile.lock\" \"${PODS_ROOT}/Manifest.lock\" > /dev/null\nif [ $? != 0 ] ; then\n    # print error to STDERR\n    echo \"error: The sandbox is not in sync with the Podfile.lock. Run 'pod install' or update your CocoaPods installation.\" >&2\n    exit 1\nfi\n# This output is used by Xcode 'outputs' to avoid re-running this script phase.\necho \"SUCCESS\" > \"${SCRIPT_OUTPUT_FILE_0}\"\n";
			showEnvVarsInLog = 0;
		};
		F7070B8B2A993418005B29C7 /* ShellScript */ = {
			isa = PBXShellScriptBuildPhase;
			alwaysOutOfDate = 1;
			buildActionMask = 2147483647;
			files = (
			);
			inputFileListPaths = (
			);
			inputPaths = (
			);
			outputFileListPaths = (
			);
			outputPaths = (
			);
			runOnlyForDeploymentPostprocessing = 0;
			shellPath = /bin/sh;
			shellScript = "\"${PODS_ROOT}/SwiftLint/swiftlint\"\n";
		};
/* End PBXShellScriptBuildPhase section */

/* Begin PBXSourcesBuildPhase section */
		F7758F032A9919DA00DB23E6 /* Sources */ = {
			isa = PBXSourcesBuildPhase;
			buildActionMask = 2147483647;
			files = (
				F760112E2A9A286E002644BE /* SportCellController.swift in Sources */,
				F76011312A9A4F37002644BE /* SportCellViewModel.swift in Sources */,
				F7DD4CD22A99EF2400CBC0DA /* SportsModel.swift in Sources */,
				F7DD4CC12A99E3D500CBC0DA /* ServiceProvider.swift in Sources */,
				F7DD4CC32A99E8B600CBC0DA /* SportyServices.swift in Sources */,
				F76011352A9A5A5E002644BE /* EventCellController.swift in Sources */,
				F76011382A9A5ECB002644BE /* EventCellViewModel.swift in Sources */,
				F7758F0F2A9919DB00DB23E6 /* HomescreenController.swift in Sources */,
				F7758F0B2A9919DA00DB23E6 /* AppDelegate.swift in Sources */,
				F7DD4CD02A99ECAF00CBC0DA /* EventModel.swift in Sources */,
				F7DD4CBF2A99E20F00CBC0DA /* Service.swift in Sources */,
				F7DD4CC62A99E9D300CBC0DA /* HomescreenViewModel.swift in Sources */,
			);
			runOnlyForDeploymentPostprocessing = 0;
		};
		F7758F192A9919DC00DB23E6 /* Sources */ = {
			isa = PBXSourcesBuildPhase;
			buildActionMask = 2147483647;
			files = (
				F7758F222A9919DC00DB23E6 /* SportyTests.swift in Sources */,
			);
			runOnlyForDeploymentPostprocessing = 0;
		};
		F7758F232A9919DC00DB23E6 /* Sources */ = {
			isa = PBXSourcesBuildPhase;
			buildActionMask = 2147483647;
			files = (
				F7758F2C2A9919DC00DB23E6 /* SportyUITests.swift in Sources */,
				F7758F2E2A9919DC00DB23E6 /* SportyUITestsLaunchTests.swift in Sources */,
			);
			runOnlyForDeploymentPostprocessing = 0;
		};
/* End PBXSourcesBuildPhase section */

/* Begin PBXTargetDependency section */
		F7758F1F2A9919DC00DB23E6 /* PBXTargetDependency */ = {
			isa = PBXTargetDependency;
			target = F7758F062A9919DA00DB23E6 /* Sporty */;
			targetProxy = F7758F1E2A9919DC00DB23E6 /* PBXContainerItemProxy */;
		};
		F7758F292A9919DC00DB23E6 /* PBXTargetDependency */ = {
			isa = PBXTargetDependency;
			target = F7758F062A9919DA00DB23E6 /* Sporty */;
			targetProxy = F7758F282A9919DC00DB23E6 /* PBXContainerItemProxy */;
		};
/* End PBXTargetDependency section */

/* Begin PBXVariantGroup section */
		F7758F152A9919DB00DB23E6 /* LaunchScreen.storyboard */ = {
			isa = PBXVariantGroup;
			children = (
				F7758F162A9919DB00DB23E6 /* Base */,
			);
			name = LaunchScreen.storyboard;
			sourceTree = "<group>";
		};
/* End PBXVariantGroup section */

/* Begin XCBuildConfiguration section */
		F7758F2F2A9919DC00DB23E6 /* Debug */ = {
			isa = XCBuildConfiguration;
			buildSettings = {
				ALWAYS_SEARCH_USER_PATHS = NO;
				CLANG_ANALYZER_NONNULL = YES;
				CLANG_ANALYZER_NUMBER_OBJECT_CONVERSION = YES_AGGRESSIVE;
				CLANG_CXX_LANGUAGE_STANDARD = "gnu++20";
				CLANG_ENABLE_MODULES = YES;
				CLANG_ENABLE_OBJC_ARC = YES;
				CLANG_ENABLE_OBJC_WEAK = YES;
				CLANG_WARN_BLOCK_CAPTURE_AUTORELEASING = YES;
				CLANG_WARN_BOOL_CONVERSION = YES;
				CLANG_WARN_COMMA = YES;
				CLANG_WARN_CONSTANT_CONVERSION = YES;
				CLANG_WARN_DEPRECATED_OBJC_IMPLEMENTATIONS = YES;
				CLANG_WARN_DIRECT_OBJC_ISA_USAGE = YES_ERROR;
				CLANG_WARN_DOCUMENTATION_COMMENTS = YES;
				CLANG_WARN_EMPTY_BODY = YES;
				CLANG_WARN_ENUM_CONVERSION = YES;
				CLANG_WARN_INFINITE_RECURSION = YES;
				CLANG_WARN_INT_CONVERSION = YES;
				CLANG_WARN_NON_LITERAL_NULL_CONVERSION = YES;
				CLANG_WARN_OBJC_IMPLICIT_RETAIN_SELF = YES;
				CLANG_WARN_OBJC_LITERAL_CONVERSION = YES;
				CLANG_WARN_OBJC_ROOT_CLASS = YES_ERROR;
				CLANG_WARN_QUOTED_INCLUDE_IN_FRAMEWORK_HEADER = YES;
				CLANG_WARN_RANGE_LOOP_ANALYSIS = YES;
				CLANG_WARN_STRICT_PROTOTYPES = YES;
				CLANG_WARN_SUSPICIOUS_MOVE = YES;
				CLANG_WARN_UNGUARDED_AVAILABILITY = YES_AGGRESSIVE;
				CLANG_WARN_UNREACHABLE_CODE = YES;
				CLANG_WARN__DUPLICATE_METHOD_MATCH = YES;
				COPY_PHASE_STRIP = NO;
				DEBUG_INFORMATION_FORMAT = dwarf;
				ENABLE_STRICT_OBJC_MSGSEND = YES;
				ENABLE_TESTABILITY = YES;
				GCC_C_LANGUAGE_STANDARD = gnu11;
				GCC_DYNAMIC_NO_PIC = NO;
				GCC_NO_COMMON_BLOCKS = YES;
				GCC_OPTIMIZATION_LEVEL = 0;
				GCC_PREPROCESSOR_DEFINITIONS = (
					"DEBUG=1",
					"$(inherited)",
				);
				GCC_WARN_64_TO_32_BIT_CONVERSION = YES;
				GCC_WARN_ABOUT_RETURN_TYPE = YES_ERROR;
				GCC_WARN_UNDECLARED_SELECTOR = YES;
				GCC_WARN_UNINITIALIZED_AUTOS = YES_AGGRESSIVE;
				GCC_WARN_UNUSED_FUNCTION = YES;
				GCC_WARN_UNUSED_VARIABLE = YES;
				IPHONEOS_DEPLOYMENT_TARGET = 16.4;
				MTL_ENABLE_DEBUG_INFO = INCLUDE_SOURCE;
				MTL_FAST_MATH = YES;
				ONLY_ACTIVE_ARCH = YES;
				SDKROOT = iphoneos;
				SWIFT_ACTIVE_COMPILATION_CONDITIONS = DEBUG;
				SWIFT_OPTIMIZATION_LEVEL = "-Onone";
			};
			name = Debug;
		};
		F7758F302A9919DC00DB23E6 /* Release */ = {
			isa = XCBuildConfiguration;
			buildSettings = {
				ALWAYS_SEARCH_USER_PATHS = NO;
				CLANG_ANALYZER_NONNULL = YES;
				CLANG_ANALYZER_NUMBER_OBJECT_CONVERSION = YES_AGGRESSIVE;
				CLANG_CXX_LANGUAGE_STANDARD = "gnu++20";
				CLANG_ENABLE_MODULES = YES;
				CLANG_ENABLE_OBJC_ARC = YES;
				CLANG_ENABLE_OBJC_WEAK = YES;
				CLANG_WARN_BLOCK_CAPTURE_AUTORELEASING = YES;
				CLANG_WARN_BOOL_CONVERSION = YES;
				CLANG_WARN_COMMA = YES;
				CLANG_WARN_CONSTANT_CONVERSION = YES;
				CLANG_WARN_DEPRECATED_OBJC_IMPLEMENTATIONS = YES;
				CLANG_WARN_DIRECT_OBJC_ISA_USAGE = YES_ERROR;
				CLANG_WARN_DOCUMENTATION_COMMENTS = YES;
				CLANG_WARN_EMPTY_BODY = YES;
				CLANG_WARN_ENUM_CONVERSION = YES;
				CLANG_WARN_INFINITE_RECURSION = YES;
				CLANG_WARN_INT_CONVERSION = YES;
				CLANG_WARN_NON_LITERAL_NULL_CONVERSION = YES;
				CLANG_WARN_OBJC_IMPLICIT_RETAIN_SELF = YES;
				CLANG_WARN_OBJC_LITERAL_CONVERSION = YES;
				CLANG_WARN_OBJC_ROOT_CLASS = YES_ERROR;
				CLANG_WARN_QUOTED_INCLUDE_IN_FRAMEWORK_HEADER = YES;
				CLANG_WARN_RANGE_LOOP_ANALYSIS = YES;
				CLANG_WARN_STRICT_PROTOTYPES = YES;
				CLANG_WARN_SUSPICIOUS_MOVE = YES;
				CLANG_WARN_UNGUARDED_AVAILABILITY = YES_AGGRESSIVE;
				CLANG_WARN_UNREACHABLE_CODE = YES;
				CLANG_WARN__DUPLICATE_METHOD_MATCH = YES;
				COPY_PHASE_STRIP = NO;
				DEBUG_INFORMATION_FORMAT = "dwarf-with-dsym";
				ENABLE_NS_ASSERTIONS = NO;
				ENABLE_STRICT_OBJC_MSGSEND = YES;
				GCC_C_LANGUAGE_STANDARD = gnu11;
				GCC_NO_COMMON_BLOCKS = YES;
				GCC_WARN_64_TO_32_BIT_CONVERSION = YES;
				GCC_WARN_ABOUT_RETURN_TYPE = YES_ERROR;
				GCC_WARN_UNDECLARED_SELECTOR = YES;
				GCC_WARN_UNINITIALIZED_AUTOS = YES_AGGRESSIVE;
				GCC_WARN_UNUSED_FUNCTION = YES;
				GCC_WARN_UNUSED_VARIABLE = YES;
				IPHONEOS_DEPLOYMENT_TARGET = 16.4;
				MTL_ENABLE_DEBUG_INFO = NO;
				MTL_FAST_MATH = YES;
				SDKROOT = iphoneos;
				SWIFT_COMPILATION_MODE = wholemodule;
				SWIFT_OPTIMIZATION_LEVEL = "-O";
				VALIDATE_PRODUCT = YES;
			};
			name = Release;
		};
		F7758F322A9919DC00DB23E6 /* Debug */ = {
			isa = XCBuildConfiguration;
			baseConfigurationReference = 2FFFD331A561F94EA831A526 /* Pods-Sporty.debug.xcconfig */;
			buildSettings = {
				ASSETCATALOG_COMPILER_APPICON_NAME = AppIcon;
				ASSETCATALOG_COMPILER_GLOBAL_ACCENT_COLOR_NAME = AccentColor;
				CODE_SIGN_STYLE = Automatic;
				CURRENT_PROJECT_VERSION = 1;
				DEVELOPMENT_TEAM = 9PNKWCG29Y;
				GENERATE_INFOPLIST_FILE = YES;
				INFOPLIST_FILE = Sporty/Info.plist;
				INFOPLIST_KEY_CFBundleDisplayName = Sporty;
				INFOPLIST_KEY_UIApplicationSupportsIndirectInputEvents = YES;
				INFOPLIST_KEY_UILaunchStoryboardName = LaunchScreen.storyboard;
				INFOPLIST_KEY_UIMainStoryboardFile = Homescreen;
				INFOPLIST_KEY_UISupportedInterfaceOrientations = UIInterfaceOrientationPortrait;
				INFOPLIST_KEY_UISupportedInterfaceOrientations_iPad = "UIInterfaceOrientationLandscapeLeft UIInterfaceOrientationLandscapeRight UIInterfaceOrientationPortrait UIInterfaceOrientationPortraitUpsideDown";
				IPHONEOS_DEPLOYMENT_TARGET = 12.0;
				LD_RUNPATH_SEARCH_PATHS = (
					"$(inherited)",
					"@executable_path/Frameworks",
				);
				MARKETING_VERSION = 1.0;
				PRODUCT_BUNDLE_IDENTIFIER = com.smarog.Sporty;
				PRODUCT_NAME = "$(TARGET_NAME)";
				SUPPORTED_PLATFORMS = "iphoneos iphonesimulator";
				SUPPORTS_MACCATALYST = NO;
				SUPPORTS_MAC_DESIGNED_FOR_IPHONE_IPAD = NO;
				SWIFT_EMIT_LOC_STRINGS = YES;
				SWIFT_VERSION = 5.0;
				TARGETED_DEVICE_FAMILY = "1,2";
			};
			name = Debug;
		};
		F7758F332A9919DC00DB23E6 /* Release */ = {
			isa = XCBuildConfiguration;
			baseConfigurationReference = 28B4C1FD2EFB9D618B48D541 /* Pods-Sporty.release.xcconfig */;
			buildSettings = {
				ASSETCATALOG_COMPILER_APPICON_NAME = AppIcon;
				ASSETCATALOG_COMPILER_GLOBAL_ACCENT_COLOR_NAME = AccentColor;
				CODE_SIGN_STYLE = Automatic;
				CURRENT_PROJECT_VERSION = 1;
				DEVELOPMENT_TEAM = 9PNKWCG29Y;
				GENERATE_INFOPLIST_FILE = YES;
				INFOPLIST_FILE = Sporty/Info.plist;
				INFOPLIST_KEY_CFBundleDisplayName = Sporty;
				INFOPLIST_KEY_UIApplicationSupportsIndirectInputEvents = YES;
				INFOPLIST_KEY_UILaunchStoryboardName = LaunchScreen.storyboard;
				INFOPLIST_KEY_UIMainStoryboardFile = Homescreen;
				INFOPLIST_KEY_UISupportedInterfaceOrientations = UIInterfaceOrientationPortrait;
				INFOPLIST_KEY_UISupportedInterfaceOrientations_iPad = "UIInterfaceOrientationLandscapeLeft UIInterfaceOrientationLandscapeRight UIInterfaceOrientationPortrait UIInterfaceOrientationPortraitUpsideDown";
				IPHONEOS_DEPLOYMENT_TARGET = 12.0;
				LD_RUNPATH_SEARCH_PATHS = (
					"$(inherited)",
					"@executable_path/Frameworks",
				);
				MARKETING_VERSION = 1.0;
				PRODUCT_BUNDLE_IDENTIFIER = com.smarog.Sporty;
				PRODUCT_NAME = "$(TARGET_NAME)";
				SUPPORTED_PLATFORMS = "iphoneos iphonesimulator";
				SUPPORTS_MACCATALYST = NO;
				SUPPORTS_MAC_DESIGNED_FOR_IPHONE_IPAD = NO;
				SWIFT_EMIT_LOC_STRINGS = YES;
				SWIFT_VERSION = 5.0;
				TARGETED_DEVICE_FAMILY = "1,2";
			};
			name = Release;
		};
		F7758F352A9919DC00DB23E6 /* Debug */ = {
			isa = XCBuildConfiguration;
			baseConfigurationReference = 363E1886A8645F7C69CE5E80 /* Pods-SportyTests.debug.xcconfig */;
			buildSettings = {
				ALWAYS_EMBED_SWIFT_STANDARD_LIBRARIES = YES;
				BUNDLE_LOADER = "$(TEST_HOST)";
				CODE_SIGN_STYLE = Automatic;
				CURRENT_PROJECT_VERSION = 1;
				DEVELOPMENT_TEAM = 9PNKWCG29Y;
				GENERATE_INFOPLIST_FILE = YES;
				IPHONEOS_DEPLOYMENT_TARGET = 16.4;
				MARKETING_VERSION = 1.0;
				PRODUCT_BUNDLE_IDENTIFIER = com.smarog.SportyTests;
				PRODUCT_NAME = "$(TARGET_NAME)";
				SWIFT_EMIT_LOC_STRINGS = NO;
				SWIFT_VERSION = 5.0;
				TARGETED_DEVICE_FAMILY = "1,2";
				TEST_HOST = "$(BUILT_PRODUCTS_DIR)/Sporty.app/$(BUNDLE_EXECUTABLE_FOLDER_PATH)/Sporty";
			};
			name = Debug;
		};
		F7758F362A9919DC00DB23E6 /* Release */ = {
			isa = XCBuildConfiguration;
			baseConfigurationReference = A013D7E47D09FFCA9FE245FA /* Pods-SportyTests.release.xcconfig */;
			buildSettings = {
				ALWAYS_EMBED_SWIFT_STANDARD_LIBRARIES = YES;
				BUNDLE_LOADER = "$(TEST_HOST)";
				CODE_SIGN_STYLE = Automatic;
				CURRENT_PROJECT_VERSION = 1;
				DEVELOPMENT_TEAM = 9PNKWCG29Y;
				GENERATE_INFOPLIST_FILE = YES;
				IPHONEOS_DEPLOYMENT_TARGET = 16.4;
				MARKETING_VERSION = 1.0;
				PRODUCT_BUNDLE_IDENTIFIER = com.smarog.SportyTests;
				PRODUCT_NAME = "$(TARGET_NAME)";
				SWIFT_EMIT_LOC_STRINGS = NO;
				SWIFT_VERSION = 5.0;
				TARGETED_DEVICE_FAMILY = "1,2";
				TEST_HOST = "$(BUILT_PRODUCTS_DIR)/Sporty.app/$(BUNDLE_EXECUTABLE_FOLDER_PATH)/Sporty";
			};
			name = Release;
		};
		F7758F382A9919DC00DB23E6 /* Debug */ = {
			isa = XCBuildConfiguration;
			baseConfigurationReference = A75986A908F924B526BE5312 /* Pods-Sporty-SportyUITests.debug.xcconfig */;
			buildSettings = {
				ALWAYS_EMBED_SWIFT_STANDARD_LIBRARIES = YES;
				CODE_SIGN_STYLE = Automatic;
				CURRENT_PROJECT_VERSION = 1;
				DEVELOPMENT_TEAM = 9PNKWCG29Y;
				GENERATE_INFOPLIST_FILE = YES;
				MARKETING_VERSION = 1.0;
				PRODUCT_BUNDLE_IDENTIFIER = com.smarog.SportyUITests;
				PRODUCT_NAME = "$(TARGET_NAME)";
				SWIFT_EMIT_LOC_STRINGS = NO;
				SWIFT_VERSION = 5.0;
				TARGETED_DEVICE_FAMILY = "1,2";
				TEST_TARGET_NAME = Sporty;
			};
			name = Debug;
		};
		F7758F392A9919DC00DB23E6 /* Release */ = {
			isa = XCBuildConfiguration;
			baseConfigurationReference = 17436A09C4D8A46BB31C888F /* Pods-Sporty-SportyUITests.release.xcconfig */;
			buildSettings = {
				ALWAYS_EMBED_SWIFT_STANDARD_LIBRARIES = YES;
				CODE_SIGN_STYLE = Automatic;
				CURRENT_PROJECT_VERSION = 1;
				DEVELOPMENT_TEAM = 9PNKWCG29Y;
				GENERATE_INFOPLIST_FILE = YES;
				MARKETING_VERSION = 1.0;
				PRODUCT_BUNDLE_IDENTIFIER = com.smarog.SportyUITests;
				PRODUCT_NAME = "$(TARGET_NAME)";
				SWIFT_EMIT_LOC_STRINGS = NO;
				SWIFT_VERSION = 5.0;
				TARGETED_DEVICE_FAMILY = "1,2";
				TEST_TARGET_NAME = Sporty;
			};
			name = Release;
		};
/* End XCBuildConfiguration section */

/* Begin XCConfigurationList section */
		F7758F022A9919DA00DB23E6 /* Build configuration list for PBXProject "Sporty" */ = {
			isa = XCConfigurationList;
			buildConfigurations = (
				F7758F2F2A9919DC00DB23E6 /* Debug */,
				F7758F302A9919DC00DB23E6 /* Release */,
			);
			defaultConfigurationIsVisible = 0;
			defaultConfigurationName = Release;
		};
		F7758F312A9919DC00DB23E6 /* Build configuration list for PBXNativeTarget "Sporty" */ = {
			isa = XCConfigurationList;
			buildConfigurations = (
				F7758F322A9919DC00DB23E6 /* Debug */,
				F7758F332A9919DC00DB23E6 /* Release */,
			);
			defaultConfigurationIsVisible = 0;
			defaultConfigurationName = Release;
		};
		F7758F342A9919DC00DB23E6 /* Build configuration list for PBXNativeTarget "SportyTests" */ = {
			isa = XCConfigurationList;
			buildConfigurations = (
				F7758F352A9919DC00DB23E6 /* Debug */,
				F7758F362A9919DC00DB23E6 /* Release */,
			);
			defaultConfigurationIsVisible = 0;
			defaultConfigurationName = Release;
		};
		F7758F372A9919DC00DB23E6 /* Build configuration list for PBXNativeTarget "SportyUITests" */ = {
			isa = XCConfigurationList;
			buildConfigurations = (
				F7758F382A9919DC00DB23E6 /* Debug */,
				F7758F392A9919DC00DB23E6 /* Release */,
			);
			defaultConfigurationIsVisible = 0;
			defaultConfigurationName = Release;
		};
/* End XCConfigurationList section */
	};
	rootObject = F7758EFF2A9919DA00DB23E6 /* Project object */;
}
